// !$*UTF8*$!
{
	archiveVersion = 1;
	classes = {
	};
	objectVersion = 50;
	objects = {

/* Begin PBXBuildFile section */
		8C61FFEB20D1F30200ACF99D /* AppDelegate.swift in Sources */ = {isa = PBXBuildFile; fileRef = 8C61FFEA20D1F30200ACF99D /* AppDelegate.swift */; };
		8C61FFED20D1F30200ACF99D /* TodoListViewController.swift in Sources */ = {isa = PBXBuildFile; fileRef = 8C61FFEC20D1F30200ACF99D /* TodoListViewController.swift */; };
		8C61FFF020D1F30200ACF99D /* Main.storyboard in Resources */ = {isa = PBXBuildFile; fileRef = 8C61FFEE20D1F30200ACF99D /* Main.storyboard */; };
		8C61FFF220D1F30400ACF99D /* Assets.xcassets in Resources */ = {isa = PBXBuildFile; fileRef = 8C61FFF120D1F30400ACF99D /* Assets.xcassets */; };
		8C61FFF520D1F30400ACF99D /* LaunchScreen.storyboard in Resources */ = {isa = PBXBuildFile; fileRef = 8C61FFF320D1F30400ACF99D /* LaunchScreen.storyboard */; };
		8C70D17420DC917D006FC579 /* Item.swift in Sources */ = {isa = PBXBuildFile; fileRef = 8C70D17320DC917D006FC579 /* Item.swift */; };
		8C70D17620DC918A006FC579 /* Category.swift in Sources */ = {isa = PBXBuildFile; fileRef = 8C70D17520DC918A006FC579 /* Category.swift */; };
		8C7729F720DA02BA00F32755 /* CategoryViewController.swift in Sources */ = {isa = PBXBuildFile; fileRef = 8C7729F620DA02BA00F32755 /* CategoryViewController.swift */; };
		8CB8FE5220DF54F200E983F4 /* SwipeTableViewController.swift in Sources */ = {isa = PBXBuildFile; fileRef = 8CB8FE5120DF54F200E983F4 /* SwipeTableViewController.swift */; };
		A225F6E56BF717E3E0AA29AC /* Pods_Todoey.framework in Frameworks */ = {isa = PBXBuildFile; fileRef = 90A109C24EEB7B287C55E46F /* Pods_Todoey.framework */; };
/* End PBXBuildFile section */

/* Begin PBXFileReference section */
		00FE397CE84B308083752017 /* Pods-Todoey.debug.xcconfig */ = {isa = PBXFileReference; includeInIndex = 1; lastKnownFileType = text.xcconfig; name = "Pods-Todoey.debug.xcconfig"; path = "Pods/Target Support Files/Pods-Todoey/Pods-Todoey.debug.xcconfig"; sourceTree = "<group>"; };
		299D99731AA2163E223E07B6 /* Pods-Todoey.release.xcconfig */ = {isa = PBXFileReference; includeInIndex = 1; lastKnownFileType = text.xcconfig; name = "Pods-Todoey.release.xcconfig"; path = "Pods/Target Support Files/Pods-Todoey/Pods-Todoey.release.xcconfig"; sourceTree = "<group>"; };
		8C61FFE720D1F30200ACF99D /* Todoey.app */ = {isa = PBXFileReference; explicitFileType = wrapper.application; includeInIndex = 0; path = Todoey.app; sourceTree = BUILT_PRODUCTS_DIR; };
		8C61FFEA20D1F30200ACF99D /* AppDelegate.swift */ = {isa = PBXFileReference; lastKnownFileType = sourcecode.swift; path = AppDelegate.swift; sourceTree = "<group>"; };
		8C61FFEC20D1F30200ACF99D /* TodoListViewController.swift */ = {isa = PBXFileReference; lastKnownFileType = sourcecode.swift; path = TodoListViewController.swift; sourceTree = "<group>"; };
		8C61FFEF20D1F30200ACF99D /* Base */ = {isa = PBXFileReference; lastKnownFileType = file.storyboard; name = Base; path = Base.lproj/Main.storyboard; sourceTree = "<group>"; };
		8C61FFF120D1F30400ACF99D /* Assets.xcassets */ = {isa = PBXFileReference; lastKnownFileType = folder.assetcatalog; path = Assets.xcassets; sourceTree = "<group>"; };
		8C61FFF420D1F30400ACF99D /* Base */ = {isa = PBXFileReference; lastKnownFileType = file.storyboard; name = Base; path = Base.lproj/LaunchScreen.storyboard; sourceTree = "<group>"; };
		8C61FFF620D1F30400ACF99D /* Info.plist */ = {isa = PBXFileReference; lastKnownFileType = text.plist.xml; path = Info.plist; sourceTree = "<group>"; };
		8C70D17320DC917D006FC579 /* Item.swift */ = {isa = PBXFileReference; lastKnownFileType = sourcecode.swift; path = Item.swift; sourceTree = "<group>"; };
		8C70D17520DC918A006FC579 /* Category.swift */ = {isa = PBXFileReference; lastKnownFileType = sourcecode.swift; path = Category.swift; sourceTree = "<group>"; };
		8C7729F620DA02BA00F32755 /* CategoryViewController.swift */ = {isa = PBXFileReference; lastKnownFileType = sourcecode.swift; name = CategoryViewController.swift; path = Todoey/Controllers/CategoryViewController.swift; sourceTree = SOURCE_ROOT; };
		8CB8FE5120DF54F200E983F4 /* SwipeTableViewController.swift */ = {isa = PBXFileReference; lastKnownFileType = sourcecode.swift; path = SwipeTableViewController.swift; sourceTree = "<group>"; };
		90A109C24EEB7B287C55E46F /* Pods_Todoey.framework */ = {isa = PBXFileReference; explicitFileType = wrapper.framework; includeInIndex = 0; path = Pods_Todoey.framework; sourceTree = BUILT_PRODUCTS_DIR; };
/* End PBXFileReference section */

/* Begin PBXFrameworksBuildPhase section */
		8C61FFE420D1F30200ACF99D /* Frameworks */ = {
			isa = PBXFrameworksBuildPhase;
			buildActionMask = 2147483647;
			files = (
				A225F6E56BF717E3E0AA29AC /* Pods_Todoey.framework in Frameworks */,
			);
			runOnlyForDeploymentPostprocessing = 0;
		};
/* End PBXFrameworksBuildPhase section */

/* Begin PBXGroup section */
		8C61FFDE20D1F30200ACF99D = {
			isa = PBXGroup;
			children = (
				8C61FFE920D1F30200ACF99D /* Todoey */,
				8C61FFE820D1F30200ACF99D /* Products */,
				A479F6BFCB9AF281965EF25C /* Pods */,
				D67641F2B581C31DA16EE423 /* Frameworks */,
			);
			sourceTree = "<group>";
		};
		8C61FFE820D1F30200ACF99D /* Products */ = {
			isa = PBXGroup;
			children = (
				8C61FFE720D1F30200ACF99D /* Todoey.app */,
			);
			name = Products;
			sourceTree = "<group>";
		};
		8C61FFE920D1F30200ACF99D /* Todoey */ = {
			isa = PBXGroup;
			children = (
				8C61FFF620D1F30400ACF99D /* Info.plist */,
				8CEEB59F20D47DFB00D56FDF /* Supporting Files */,
				8CEEB59E20D47DF400D56FDF /* Views */,
				8CEEB59D20D47DE800D56FDF /* Controllers */,
				8CEEB59C20D47DD900D56FDF /* Model */,
			);
			path = Todoey;
			sourceTree = "<group>";
		};
		8CEEB59C20D47DD900D56FDF /* Model */ = {
			isa = PBXGroup;
			children = (
				8C70D17520DC918A006FC579 /* Category.swift */,
				8C70D17320DC917D006FC579 /* Item.swift */,
			);
			path = Model;
			sourceTree = "<group>";
		};
		8CEEB59D20D47DE800D56FDF /* Controllers */ = {
			isa = PBXGroup;
			children = (
				8C7729F620DA02BA00F32755 /* CategoryViewController.swift */,
				8CB8FE5120DF54F200E983F4 /* SwipeTableViewController.swift */,
				8C61FFEC20D1F30200ACF99D /* TodoListViewController.swift */,
			);
			path = Controllers;
			sourceTree = "<group>";
		};
		8CEEB59E20D47DF400D56FDF /* Views */ = {
			isa = PBXGroup;
			children = (
				8C61FFEE20D1F30200ACF99D /* Main.storyboard */,
			);
			path = Views;
			sourceTree = "<group>";
		};
		8CEEB59F20D47DFB00D56FDF /* Supporting Files */ = {
			isa = PBXGroup;
			children = (
				8C61FFF120D1F30400ACF99D /* Assets.xcassets */,
				8C61FFEA20D1F30200ACF99D /* AppDelegate.swift */,
				8C61FFF320D1F30400ACF99D /* LaunchScreen.storyboard */,
			);
			path = "Supporting Files";
			sourceTree = "<group>";
		};
		A479F6BFCB9AF281965EF25C /* Pods */ = {
			isa = PBXGroup;
			children = (
				00FE397CE84B308083752017 /* Pods-Todoey.debug.xcconfig */,
				299D99731AA2163E223E07B6 /* Pods-Todoey.release.xcconfig */,
			);
			name = Pods;
			sourceTree = "<group>";
		};
		D67641F2B581C31DA16EE423 /* Frameworks */ = {
			isa = PBXGroup;
			children = (
				90A109C24EEB7B287C55E46F /* Pods_Todoey.framework */,
			);
			name = Frameworks;
			sourceTree = "<group>";
		};
/* End PBXGroup section */

/* Begin PBXNativeTarget section */
		8C61FFE620D1F30200ACF99D /* Todoey */ = {
			isa = PBXNativeTarget;
			buildConfigurationList = 8C61FFF920D1F30400ACF99D /* Build configuration list for PBXNativeTarget "Todoey" */;
			buildPhases = (
				166F7437186CA3287D6E9E4F /* [CP] Check Pods Manifest.lock */,
				8C61FFE320D1F30200ACF99D /* Sources */,
				8C61FFE420D1F30200ACF99D /* Frameworks */,
				8C61FFE520D1F30200ACF99D /* Resources */,
				1B47D820A0EF5F41F9A03679 /* [CP] Embed Pods Frameworks */,
			);
			buildRules = (
			);
			dependencies = (
			);
			name = Todoey;
			productName = Todoey;
			productReference = 8C61FFE720D1F30200ACF99D /* Todoey.app */;
			productType = "com.apple.product-type.application";
		};
/* End PBXNativeTarget section */

/* Begin PBXProject section */
		8C61FFDF20D1F30200ACF99D /* Project object */ = {
			isa = PBXProject;
			attributes = {
				LastSwiftUpdateCheck = 0940;
				LastUpgradeCheck = 0940;
				ORGANIZATIONNAME = "Ashley Donohoe";
				TargetAttributes = {
					8C61FFE620D1F30200ACF99D = {
						CreatedOnToolsVersion = 9.4;
					};
				};
			};
			buildConfigurationList = 8C61FFE220D1F30200ACF99D /* Build configuration list for PBXProject "Todoey" */;
			compatibilityVersion = "Xcode 9.3";
			developmentRegion = en;
			hasScannedForEncodings = 0;
			knownRegions = (
				en,
				Base,
			);
			mainGroup = 8C61FFDE20D1F30200ACF99D;
			productRefGroup = 8C61FFE820D1F30200ACF99D /* Products */;
			projectDirPath = "";
			projectRoot = "";
			targets = (
				8C61FFE620D1F30200ACF99D /* Todoey */,
			);
		};
/* End PBXProject section */

/* Begin PBXResourcesBuildPhase section */
		8C61FFE520D1F30200ACF99D /* Resources */ = {
			isa = PBXResourcesBuildPhase;
			buildActionMask = 2147483647;
			files = (
				8C61FFF520D1F30400ACF99D /* LaunchScreen.storyboard in Resources */,
				8C61FFF220D1F30400ACF99D /* Assets.xcassets in Resources */,
				8C61FFF020D1F30200ACF99D /* Main.storyboard in Resources */,
			);
			runOnlyForDeploymentPostprocessing = 0;
		};
/* End PBXResourcesBuildPhase section */

/* Begin PBXShellScriptBuildPhase section */
		166F7437186CA3287D6E9E4F /* [CP] Check Pods Manifest.lock */ = {
			isa = PBXShellScriptBuildPhase;
			buildActionMask = 2147483647;
			files = (
			);
			inputPaths = (
				"${PODS_PODFILE_DIR_PATH}/Podfile.lock",
				"${PODS_ROOT}/Manifest.lock",
			);
			name = "[CP] Check Pods Manifest.lock";
			outputPaths = (
				"$(DERIVED_FILE_DIR)/Pods-Todoey-checkManifestLockResult.txt",
			);
			runOnlyForDeploymentPostprocessing = 0;
			shellPath = /bin/sh;
			shellScript = "diff \"${PODS_PODFILE_DIR_PATH}/Podfile.lock\" \"${PODS_ROOT}/Manifest.lock\" > /dev/null\nif [ $? != 0 ] ; then\n    # print error to STDERR\n    echo \"error: The sandbox is not in sync with the Podfile.lock. Run 'pod install' or update your CocoaPods installation.\" >&2\n    exit 1\nfi\n# This output is used by Xcode 'outputs' to avoid re-running this script phase.\necho \"SUCCESS\" > \"${SCRIPT_OUTPUT_FILE_0}\"\n";
			showEnvVarsInLog = 0;
		};
		1B47D820A0EF5F41F9A03679 /* [CP] Embed Pods Frameworks */ = {
			isa = PBXShellScriptBuildPhase;
			buildActionMask = 2147483647;
			files = (
			);
			inputPaths = (
				"${SRCROOT}/Pods/Target Support Files/Pods-Todoey/Pods-Todoey-frameworks.sh",
				"${BUILT_PRODUCTS_DIR}/Realm/Realm.framework",
				"${BUILT_PRODUCTS_DIR}/RealmSwift/RealmSwift.framework",
				"${BUILT_PRODUCTS_DIR}/SwipeCellKit/SwipeCellKit.framework",
			);
			name = "[CP] Embed Pods Frameworks";
			outputPaths = (
				"${TARGET_BUILD_DIR}/${FRAMEWORKS_FOLDER_PATH}/Realm.framework",
				"${TARGET_BUILD_DIR}/${FRAMEWORKS_FOLDER_PATH}/RealmSwift.framework",
				"${TARGET_BUILD_DIR}/${FRAMEWORKS_FOLDER_PATH}/SwipeCellKit.framework",
			);
			runOnlyForDeploymentPostprocessing = 0;
			shellPath = /bin/sh;
			shellScript = "\"${SRCROOT}/Pods/Target Support Files/Pods-Todoey/Pods-Todoey-frameworks.sh\"\n";
			showEnvVarsInLog = 0;
		};
/* End PBXShellScriptBuildPhase section */

/* Begin PBXSourcesBuildPhase section */
		8C61FFE320D1F30200ACF99D /* Sources */ = {
			isa = PBXSourcesBuildPhase;
			buildActionMask = 2147483647;
			files = (
				8C70D17420DC917D006FC579 /* Item.swift in Sources */,
				8C70D17620DC918A006FC579 /* Category.swift in Sources */,
				8C7729F720DA02BA00F32755 /* CategoryViewController.swift in Sources */,
				8C61FFED20D1F30200ACF99D /* TodoListViewController.swift in Sources */,
				8CB8FE5220DF54F200E983F4 /* SwipeTableViewController.swift in Sources */,
				8C61FFEB20D1F30200ACF99D /* AppDelegate.swift in Sources */,
			);
			runOnlyForDeploymentPostprocessing = 0;
		};
/* End PBXSourcesBuildPhase section */

/* Begin PBXVariantGroup section */
		8C61FFEE20D1F30200ACF99D /* Main.storyboard */ = {
			isa = PBXVariantGroup;
			children = (
				8C61FFEF20D1F30200ACF99D /* Base */,
			);
			name = Main.storyboard;
			sourceTree = "<group>";
		};
		8C61FFF320D1F30400ACF99D /* LaunchScreen.storyboard */ = {
			isa = PBXVariantGroup;
			children = (
				8C61FFF420D1F30400ACF99D /* Base */,
			);
			name = LaunchScreen.storyboard;
			sourceTree = "<group>";
		};
/* End PBXVariantGroup section */

/* Begin XCBuildConfiguration section */
		8C61FFF720D1F30400ACF99D /* Debug */ = {
			isa = XCBuildConfiguration;
			buildSettings = {
				ALWAYS_SEARCH_USER_PATHS = NO;
				CLANG_ANALYZER_NONNULL = YES;
				CLANG_ANALYZER_NUMBER_OBJECT_CONVERSION = YES_AGGRESSIVE;
				CLANG_CXX_LANGUAGE_STANDARD = "gnu++14";
				CLANG_CXX_LIBRARY = "libc++";
				CLANG_ENABLE_MODULES = YES;
				CLANG_ENABLE_OBJC_ARC = YES;
				CLANG_ENABLE_OBJC_WEAK = YES;
				CLANG_WARN_BLOCK_CAPTURE_AUTORELEASING = YES;
				CLANG_WARN_BOOL_CONVERSION = YES;
				CLANG_WARN_COMMA = YES;
				CLANG_WARN_CONSTANT_CONVERSION = YES;
				CLANG_WARN_DEPRECATED_OBJC_IMPLEMENTATIONS = YES;
				CLANG_WARN_DIRECT_OBJC_ISA_USAGE = YES_ERROR;
				CLANG_WARN_DOCUMENTATION_COMMENTS = YES;
				CLANG_WARN_EMPTY_BODY = YES;
				CLANG_WARN_ENUM_CONVERSION = YES;
				CLANG_WARN_INFINITE_RECURSION = YES;
				CLANG_WARN_INT_CONVERSION = YES;
				CLANG_WARN_NON_LITERAL_NULL_CONVERSION = YES;
				CLANG_WARN_OBJC_IMPLICIT_RETAIN_SELF = YES;
				CLANG_WARN_OBJC_LITERAL_CONVERSION = YES;
				CLANG_WARN_OBJC_ROOT_CLASS = YES_ERROR;
				CLANG_WARN_RANGE_LOOP_ANALYSIS = YES;
				CLANG_WARN_STRICT_PROTOTYPES = YES;
				CLANG_WARN_SUSPICIOUS_MOVE = YES;
				CLANG_WARN_UNGUARDED_AVAILABILITY = YES_AGGRESSIVE;
				CLANG_WARN_UNREACHABLE_CODE = YES;
				CLANG_WARN__DUPLICATE_METHOD_MATCH = YES;
				CODE_SIGN_IDENTITY = "iPhone Developer";
				COPY_PHASE_STRIP = NO;
				DEBUG_INFORMATION_FORMAT = dwarf;
				ENABLE_STRICT_OBJC_MSGSEND = YES;
				ENABLE_TESTABILITY = YES;
				GCC_C_LANGUAGE_STANDARD = gnu11;
				GCC_DYNAMIC_NO_PIC = NO;
				GCC_NO_COMMON_BLOCKS = YES;
				GCC_OPTIMIZATION_LEVEL = 0;
				GCC_PREPROCESSOR_DEFINITIONS = (
					"DEBUG=1",
					"$(inherited)",
				);
				GCC_WARN_64_TO_32_BIT_CONVERSION = YES;
				GCC_WARN_ABOUT_RETURN_TYPE = YES_ERROR;
				GCC_WARN_UNDECLARED_SELECTOR = YES;
				GCC_WARN_UNINITIALIZED_AUTOS = YES_AGGRESSIVE;
				GCC_WARN_UNUSED_FUNCTION = YES;
				GCC_WARN_UNUSED_VARIABLE = YES;
				IPHONEOS_DEPLOYMENT_TARGET = 11.4;
				MTL_ENABLE_DEBUG_INFO = YES;
				ONLY_ACTIVE_ARCH = YES;
				SDKROOT = iphoneos;
				SWIFT_ACTIVE_COMPILATION_CONDITIONS = DEBUG;
				SWIFT_OPTIMIZATION_LEVEL = "-Onone";
			};
			name = Debug;
		};
		8C61FFF820D1F30400ACF99D /* Release */ = {
			isa = XCBuildConfiguration;
			buildSettings = {
				ALWAYS_SEARCH_USER_PATHS = NO;
				CLANG_ANALYZER_NONNULL = YES;
				CLANG_ANALYZER_NUMBER_OBJECT_CONVERSION = YES_AGGRESSIVE;
				CLANG_CXX_LANGUAGE_STANDARD = "gnu++14";
				CLANG_CXX_LIBRARY = "libc++";
				CLANG_ENABLE_MODULES = YES;
				CLANG_ENABLE_OBJC_ARC = YES;
				CLANG_ENABLE_OBJC_WEAK = YES;
				CLANG_WARN_BLOCK_CAPTURE_AUTORELEASING = YES;
				CLANG_WARN_BOOL_CONVERSION = YES;
				CLANG_WARN_COMMA = YES;
				CLANG_WARN_CONSTANT_CONVERSION = YES;
				CLANG_WARN_DEPRECATED_OBJC_IMPLEMENTATIONS = YES;
				CLANG_WARN_DIRECT_OBJC_ISA_USAGE = YES_ERROR;
				CLANG_WARN_DOCUMENTATION_COMMENTS = YES;
				CLANG_WARN_EMPTY_BODY = YES;
				CLANG_WARN_ENUM_CONVERSION = YES;
				CLANG_WARN_INFINITE_RECURSION = YES;
				CLANG_WARN_INT_CONVERSION = YES;
				CLANG_WARN_NON_LITERAL_NULL_CONVERSION = YES;
				CLANG_WARN_OBJC_IMPLICIT_RETAIN_SELF = YES;
				CLANG_WARN_OBJC_LITERAL_CONVERSION = YES;
				CLANG_WARN_OBJC_ROOT_CLASS = YES_ERROR;
				CLANG_WARN_RANGE_LOOP_ANALYSIS = YES;
				CLANG_WARN_STRICT_PROTOTYPES = YES;
				CLANG_WARN_SUSPICIOUS_MOVE = YES;
				CLANG_WARN_UNGUARDED_AVAILABILITY = YES_AGGRESSIVE;
				CLANG_WARN_UNREACHABLE_CODE = YES;
				CLANG_WARN__DUPLICATE_METHOD_MATCH = YES;
				CODE_SIGN_IDENTITY = "iPhone Developer";
				COPY_PHASE_STRIP = NO;
				DEBUG_INFORMATION_FORMAT = "dwarf-with-dsym";
				ENABLE_NS_ASSERTIONS = NO;
				ENABLE_STRICT_OBJC_MSGSEND = YES;
				GCC_C_LANGUAGE_STANDARD = gnu11;
				GCC_NO_COMMON_BLOCKS = YES;
				GCC_WARN_64_TO_32_BIT_CONVERSION = YES;
				GCC_WARN_ABOUT_RETURN_TYPE = YES_ERROR;
				GCC_WARN_UNDECLARED_SELECTOR = YES;
				GCC_WARN_UNINITIALIZED_AUTOS = YES_AGGRESSIVE;
				GCC_WARN_UNUSED_FUNCTION = YES;
				GCC_WARN_UNUSED_VARIABLE = YES;
				IPHONEOS_DEPLOYMENT_TARGET = 11.4;
				MTL_ENABLE_DEBUG_INFO = NO;
				SDKROOT = iphoneos;
				SWIFT_COMPILATION_MODE = wholemodule;
				SWIFT_OPTIMIZATION_LEVEL = "-O";
				VALIDATE_PRODUCT = YES;
			};
			name = Release;
		};
		8C61FFFA20D1F30400ACF99D /* Debug */ = {
			isa = XCBuildConfiguration;
			baseConfigurationReference = 00FE397CE84B308083752017 /* Pods-Todoey.debug.xcconfig */;
			buildSettings = {
				ASSETCATALOG_COMPILER_APPICON_NAME = AppIcon;
				CODE_SIGN_STYLE = Automatic;
				DEVELOPMENT_TEAM = LMMQL6UH2F;
				INFOPLIST_FILE = Todoey/Info.plist;
				LD_RUNPATH_SEARCH_PATHS = (
					"$(inherited)",
					"@executable_path/Frameworks",
				);
				PRODUCT_BUNDLE_IDENTIFIER = com.adonohoe.Todoey;
				PRODUCT_NAME = "$(TARGET_NAME)";
				SWIFT_VERSION = 4.0;
				TARGETED_DEVICE_FAMILY = "1,2";
			};
			name = Debug;
		};
		8C61FFFB20D1F30400ACF99D /* Release */ = {
			isa = XCBuildConfiguration;
			baseConfigurationReference = 299D99731AA2163E223E07B6 /* Pods-Todoey.release.xcconfig */;
			buildSettings = {
				ASSETCATALOG_COMPILER_APPICON_NAME = AppIcon;
				CODE_SIGN_STYLE = Automatic;
				DEVELOPMENT_TEAM = LMMQL6UH2F;
				INFOPLIST_FILE = Todoey/Info.plist;
				LD_RUNPATH_SEARCH_PATHS = (
					"$(inherited)",
					"@executable_path/Frameworks",
				);
				PRODUCT_BUNDLE_IDENTIFIER = com.adonohoe.Todoey;
				PRODUCT_NAME = "$(TARGET_NAME)";
				SWIFT_VERSION = 4.0;
				TARGETED_DEVICE_FAMILY = "1,2";
			};
			name = Release;
		};
/* End XCBuildConfiguration section */

/* Begin XCConfigurationList section */
		8C61FFE220D1F30200ACF99D /* Build configuration list for PBXProject "Todoey" */ = {
			isa = XCConfigurationList;
			buildConfigurations = (
				8C61FFF720D1F30400ACF99D /* Debug */,
				8C61FFF820D1F30400ACF99D /* Release */,
			);
			defaultConfigurationIsVisible = 0;
			defaultConfigurationName = Release;
		};
		8C61FFF920D1F30400ACF99D /* Build configuration list for PBXNativeTarget "Todoey" */ = {
			isa = XCConfigurationList;
			buildConfigurations = (
				8C61FFFA20D1F30400ACF99D /* Debug */,
				8C61FFFB20D1F30400ACF99D /* Release */,
			);
			defaultConfigurationIsVisible = 0;
			defaultConfigurationName = Release;
		};
/* End XCConfigurationList section */
	};
	rootObject = 8C61FFDF20D1F30200ACF99D /* Project object */;
}
